// !$*UTF8*$!
{
	archiveVersion = 1;
	classes = {
	};
	objectVersion = 46;
	objects = {

/* Begin PBXBuildFile section */
		0A2A4D581B712653007C69C6 /* Feature.swift in Sources */ = {isa = PBXBuildFile; fileRef = 0A2A4D571B712653007C69C6 /* Feature.swift */; };
		0A2A4D5C1B71298F007C69C6 /* MapPlist.swift in Sources */ = {isa = PBXBuildFile; fileRef = 0A2A4D5B1B71298F007C69C6 /* MapPlist.swift */; };
		0A2A4D601B713C3A007C69C6 /* APIError.swift in Sources */ = {isa = PBXBuildFile; fileRef = 0A2A4D5F1B713C3A007C69C6 /* APIError.swift */; };
		0A2A4D621B713E5A007C69C6 /* APIRequest.swift in Sources */ = {isa = PBXBuildFile; fileRef = 0A2A4D611B713E5A007C69C6 /* APIRequest.swift */; };
		0A2A4D641B71437D007C69C6 /* APIResult.swift in Sources */ = {isa = PBXBuildFile; fileRef = 0A2A4D631B71437D007C69C6 /* APIResult.swift */; };
		0A2A4D661B7143F4007C69C6 /* Box.swift in Sources */ = {isa = PBXBuildFile; fileRef = 0A2A4D651B7143F4007C69C6 /* Box.swift */; };
		0A2A4D681B714DBD007C69C6 /* APIEndpoints.swift in Sources */ = {isa = PBXBuildFile; fileRef = 0A2A4D671B714DBD007C69C6 /* APIEndpoints.swift */; };
		0AF433451B70486200957775 /* AppDelegate.swift in Sources */ = {isa = PBXBuildFile; fileRef = 0AF433441B70486200957775 /* AppDelegate.swift */; };
		0AF433471B70486200957775 /* MapViewController.swift in Sources */ = {isa = PBXBuildFile; fileRef = 0AF433461B70486200957775 /* MapViewController.swift */; };
		0AF4334A1B70486200957775 /* Main.storyboard in Resources */ = {isa = PBXBuildFile; fileRef = 0AF433481B70486200957775 /* Main.storyboard */; };
		0AF4334C1B70486200957775 /* Images.xcassets in Resources */ = {isa = PBXBuildFile; fileRef = 0AF4334B1B70486200957775 /* Images.xcassets */; };
		0AF4334F1B70486200957775 /* LaunchScreen.xib in Resources */ = {isa = PBXBuildFile; fileRef = 0AF4334D1B70486200957775 /* LaunchScreen.xib */; };
		0AF4335B1B70486300957775 /* AllYourFaultTests.swift in Sources */ = {isa = PBXBuildFile; fileRef = 0AF4335A1B70486300957775 /* AllYourFaultTests.swift */; };
/* End PBXBuildFile section */

/* Begin PBXContainerItemProxy section */
		0AF433551B70486300957775 /* PBXContainerItemProxy */ = {
			isa = PBXContainerItemProxy;
			containerPortal = 0AF433371B70486200957775 /* Project object */;
			proxyType = 1;
			remoteGlobalIDString = 0AF4333E1B70486200957775;
			remoteInfo = AllYourFault;
		};
/* End PBXContainerItemProxy section */

/* Begin PBXFileReference section */
		0A2A4D571B712653007C69C6 /* Feature.swift */ = {isa = PBXFileReference; fileEncoding = 4; lastKnownFileType = sourcecode.swift; path = Feature.swift; sourceTree = "<group>"; };
		0A2A4D5B1B71298F007C69C6 /* MapPlist.swift */ = {isa = PBXFileReference; fileEncoding = 4; lastKnownFileType = sourcecode.swift; path = MapPlist.swift; sourceTree = "<group>"; };
		0A2A4D5F1B713C3A007C69C6 /* APIError.swift */ = {isa = PBXFileReference; fileEncoding = 4; lastKnownFileType = sourcecode.swift; path = APIError.swift; sourceTree = "<group>"; };
		0A2A4D611B713E5A007C69C6 /* APIRequest.swift */ = {isa = PBXFileReference; fileEncoding = 4; lastKnownFileType = sourcecode.swift; path = APIRequest.swift; sourceTree = "<group>"; };
		0A2A4D631B71437D007C69C6 /* APIResult.swift */ = {isa = PBXFileReference; fileEncoding = 4; lastKnownFileType = sourcecode.swift; path = APIResult.swift; sourceTree = "<group>"; };
		0A2A4D651B7143F4007C69C6 /* Box.swift */ = {isa = PBXFileReference; fileEncoding = 4; lastKnownFileType = sourcecode.swift; path = Box.swift; sourceTree = "<group>"; };
		0A2A4D671B714DBD007C69C6 /* APIEndpoints.swift */ = {isa = PBXFileReference; fileEncoding = 4; lastKnownFileType = sourcecode.swift; path = APIEndpoints.swift; sourceTree = "<group>"; };
		0AF4333F1B70486200957775 /* AllYourFault.app */ = {isa = PBXFileReference; explicitFileType = wrapper.application; includeInIndex = 0; path = AllYourFault.app; sourceTree = BUILT_PRODUCTS_DIR; };
		0AF433431B70486200957775 /* Info.plist */ = {isa = PBXFileReference; lastKnownFileType = text.plist.xml; path = Info.plist; sourceTree = "<group>"; };
		0AF433441B70486200957775 /* AppDelegate.swift */ = {isa = PBXFileReference; lastKnownFileType = sourcecode.swift; path = AppDelegate.swift; sourceTree = "<group>"; };
		0AF433461B70486200957775 /* MapViewController.swift */ = {isa = PBXFileReference; lastKnownFileType = sourcecode.swift; path = MapViewController.swift; sourceTree = "<group>"; };
		0AF433491B70486200957775 /* Base */ = {isa = PBXFileReference; lastKnownFileType = file.storyboard; name = Base; path = Base.lproj/Main.storyboard; sourceTree = "<group>"; };
		0AF4334B1B70486200957775 /* Images.xcassets */ = {isa = PBXFileReference; lastKnownFileType = folder.assetcatalog; path = Images.xcassets; sourceTree = "<group>"; };
		0AF4334E1B70486200957775 /* Base */ = {isa = PBXFileReference; lastKnownFileType = file.xib; name = Base; path = Base.lproj/LaunchScreen.xib; sourceTree = "<group>"; };
		0AF433541B70486300957775 /* AllYourFaultTests.xctest */ = {isa = PBXFileReference; explicitFileType = wrapper.cfbundle; includeInIndex = 0; path = AllYourFaultTests.xctest; sourceTree = BUILT_PRODUCTS_DIR; };
		0AF433591B70486300957775 /* Info.plist */ = {isa = PBXFileReference; lastKnownFileType = text.plist.xml; path = Info.plist; sourceTree = "<group>"; };
		0AF4335A1B70486300957775 /* AllYourFaultTests.swift */ = {isa = PBXFileReference; lastKnownFileType = sourcecode.swift; path = AllYourFaultTests.swift; sourceTree = "<group>"; };
/* End PBXFileReference section */

/* Begin PBXFrameworksBuildPhase section */
		0AF4333C1B70486200957775 /* Frameworks */ = {
			isa = PBXFrameworksBuildPhase;
			buildActionMask = 2147483647;
			files = (
			);
			runOnlyForDeploymentPostprocessing = 0;
		};
		0AF433511B70486300957775 /* Frameworks */ = {
			isa = PBXFrameworksBuildPhase;
			buildActionMask = 2147483647;
			files = (
			);
			runOnlyForDeploymentPostprocessing = 0;
		};
/* End PBXFrameworksBuildPhase section */

/* Begin PBXGroup section */
		0A2A4D541B705EA3007C69C6 /* Models */ = {
			isa = PBXGroup;
			children = (
				0A2A4D6B1B714E29007C69C6 /* Utility */,
				0A2A4D6A1B714E14007C69C6 /* Data */,
				0A2A4D691B714E0A007C69C6 /* Requests */,
			);
			name = Models;
			sourceTree = "<group>";
		};
		0A2A4D551B705EA7007C69C6 /* Views */ = {
			isa = PBXGroup;
			children = (
				0AF433461B70486200957775 /* MapViewController.swift */,
			);
			name = Views;
			sourceTree = "<group>";
		};
		0A2A4D561B705EB9007C69C6 /* Application */ = {
			isa = PBXGroup;
			children = (
				0AF433441B70486200957775 /* AppDelegate.swift */,
				0AF433481B70486200957775 /* Main.storyboard */,
				0AF4334B1B70486200957775 /* Images.xcassets */,
				0AF4334D1B70486200957775 /* LaunchScreen.xib */,
				0AF433421B70486200957775 /* Supporting Files */,
			);
			name = Application;
			sourceTree = "<group>";
		};
		0A2A4D691B714E0A007C69C6 /* Requests */ = {
			isa = PBXGroup;
			children = (
				0A2A4D611B713E5A007C69C6 /* APIRequest.swift */,
				0A2A4D671B714DBD007C69C6 /* APIEndpoints.swift */,
			);
			name = Requests;
			sourceTree = "<group>";
		};
		0A2A4D6A1B714E14007C69C6 /* Data */ = {
			isa = PBXGroup;
			children = (
				0A2A4D571B712653007C69C6 /* Feature.swift */,
				0A2A4D5F1B713C3A007C69C6 /* APIError.swift */,
			);
			name = Data;
			sourceTree = "<group>";
		};
		0A2A4D6B1B714E29007C69C6 /* Utility */ = {
			isa = PBXGroup;
			children = (
				0A2A4D651B7143F4007C69C6 /* Box.swift */,
				0A2A4D631B71437D007C69C6 /* APIResult.swift */,
				0A2A4D5B1B71298F007C69C6 /* MapPlist.swift */,
			);
			name = Utility;
			sourceTree = "<group>";
		};
		0AF433361B70486200957775 = {
			isa = PBXGroup;
			children = (
				0AF433411B70486200957775 /* AllYourFault */,
				0AF433571B70486300957775 /* AllYourFaultTests */,
				0AF433401B70486200957775 /* Products */,
			);
			sourceTree = "<group>";
		};
		0AF433401B70486200957775 /* Products */ = {
			isa = PBXGroup;
			children = (
				0AF4333F1B70486200957775 /* AllYourFault.app */,
				0AF433541B70486300957775 /* AllYourFaultTests.xctest */,
			);
			name = Products;
			sourceTree = "<group>";
		};
		0AF433411B70486200957775 /* AllYourFault */ = {
			isa = PBXGroup;
			children = (
				0A2A4D561B705EB9007C69C6 /* Application */,
				0A2A4D541B705EA3007C69C6 /* Models */,
				0A2A4D551B705EA7007C69C6 /* Views */,
			);
			path = AllYourFault;
			sourceTree = "<group>";
		};
		0AF433421B70486200957775 /* Supporting Files */ = {
			isa = PBXGroup;
			children = (
				0AF433431B70486200957775 /* Info.plist */,
			);
			name = "Supporting Files";
			sourceTree = "<group>";
		};
		0AF433571B70486300957775 /* AllYourFaultTests */ = {
			isa = PBXGroup;
			children = (
				0AF4335A1B70486300957775 /* AllYourFaultTests.swift */,
				0AF433581B70486300957775 /* Supporting Files */,
			);
			path = AllYourFaultTests;
			sourceTree = "<group>";
		};
		0AF433581B70486300957775 /* Supporting Files */ = {
			isa = PBXGroup;
			children = (
				0AF433591B70486300957775 /* Info.plist */,
			);
			name = "Supporting Files";
			sourceTree = "<group>";
		};
/* End PBXGroup section */

/* Begin PBXNativeTarget section */
		0AF4333E1B70486200957775 /* AllYourFault */ = {
			isa = PBXNativeTarget;
			buildConfigurationList = 0AF4335E1B70486300957775 /* Build configuration list for PBXNativeTarget "AllYourFault" */;
			buildPhases = (
				0AF4333B1B70486200957775 /* Sources */,
				0AF4333C1B70486200957775 /* Frameworks */,
				0AF4333D1B70486200957775 /* Resources */,
			);
			buildRules = (
			);
			dependencies = (
			);
			name = AllYourFault;
			productName = AllYourFault;
			productReference = 0AF4333F1B70486200957775 /* AllYourFault.app */;
			productType = "com.apple.product-type.application";
		};
		0AF433531B70486300957775 /* AllYourFaultTests */ = {
			isa = PBXNativeTarget;
			buildConfigurationList = 0AF433611B70486300957775 /* Build configuration list for PBXNativeTarget "AllYourFaultTests" */;
			buildPhases = (
				0AF433501B70486300957775 /* Sources */,
				0AF433511B70486300957775 /* Frameworks */,
				0AF433521B70486300957775 /* Resources */,
			);
			buildRules = (
			);
			dependencies = (
				0AF433561B70486300957775 /* PBXTargetDependency */,
			);
			name = AllYourFaultTests;
			productName = AllYourFaultTests;
			productReference = 0AF433541B70486300957775 /* AllYourFaultTests.xctest */;
			productType = "com.apple.product-type.bundle.unit-test";
		};
/* End PBXNativeTarget section */

/* Begin PBXProject section */
		0AF433371B70486200957775 /* Project object */ = {
			isa = PBXProject;
			attributes = {
				LastUpgradeCheck = 0640;
				ORGANIZATIONNAME = "Kevin Conner";
				TargetAttributes = {
					0AF4333E1B70486200957775 = {
						CreatedOnToolsVersion = 6.4;
					};
					0AF433531B70486300957775 = {
						CreatedOnToolsVersion = 6.4;
						TestTargetID = 0AF4333E1B70486200957775;
					};
				};
			};
			buildConfigurationList = 0AF4333A1B70486200957775 /* Build configuration list for PBXProject "AllYourFault" */;
			compatibilityVersion = "Xcode 3.2";
			developmentRegion = English;
			hasScannedForEncodings = 0;
			knownRegions = (
				en,
				Base,
			);
			mainGroup = 0AF433361B70486200957775;
			productRefGroup = 0AF433401B70486200957775 /* Products */;
			projectDirPath = "";
			projectRoot = "";
			targets = (
				0AF4333E1B70486200957775 /* AllYourFault */,
				0AF433531B70486300957775 /* AllYourFaultTests */,
			);
		};
/* End PBXProject section */

/* Begin PBXResourcesBuildPhase section */
		0AF4333D1B70486200957775 /* Resources */ = {
			isa = PBXResourcesBuildPhase;
			buildActionMask = 2147483647;
			files = (
				0AF4334A1B70486200957775 /* Main.storyboard in Resources */,
				0AF4334F1B70486200957775 /* LaunchScreen.xib in Resources */,
				0AF4334C1B70486200957775 /* Images.xcassets in Resources */,
			);
			runOnlyForDeploymentPostprocessing = 0;
		};
		0AF433521B70486300957775 /* Resources */ = {
			isa = PBXResourcesBuildPhase;
			buildActionMask = 2147483647;
			files = (
			);
			runOnlyForDeploymentPostprocessing = 0;
		};
/* End PBXResourcesBuildPhase section */

/* Begin PBXSourcesBuildPhase section */
		0AF4333B1B70486200957775 /* Sources */ = {
			isa = PBXSourcesBuildPhase;
			buildActionMask = 2147483647;
			files = (
				0A2A4D641B71437D007C69C6 /* APIResult.swift in Sources */,
				0A2A4D5C1B71298F007C69C6 /* MapPlist.swift in Sources */,
				0A2A4D581B712653007C69C6 /* Feature.swift in Sources */,
				0A2A4D681B714DBD007C69C6 /* APIEndpoints.swift in Sources */,
				0AF433471B70486200957775 /* MapViewController.swift in Sources */,
				0A2A4D601B713C3A007C69C6 /* APIError.swift in Sources */,
				0A2A4D661B7143F4007C69C6 /* Box.swift in Sources */,
				0A2A4D621B713E5A007C69C6 /* APIRequest.swift in Sources */,
				0AF433451B70486200957775 /* AppDelegate.swift in Sources */,
			);
			runOnlyForDeploymentPostprocessing = 0;
		};
		0AF433501B70486300957775 /* Sources */ = {
			isa = PBXSourcesBuildPhase;
			buildActionMask = 2147483647;
			files = (
				0AF4335B1B70486300957775 /* AllYourFaultTests.swift in Sources */,
			);
			runOnlyForDeploymentPostprocessing = 0;
		};
/* End PBXSourcesBuildPhase section */

/* Begin PBXTargetDependency section */
		0AF433561B70486300957775 /* PBXTargetDependency */ = {
			isa = PBXTargetDependency;
			target = 0AF4333E1B70486200957775 /* AllYourFault */;
			targetProxy = 0AF433551B70486300957775 /* PBXContainerItemProxy */;
		};
/* End PBXTargetDependency section */

/* Begin PBXVariantGroup section */
		0AF433481B70486200957775 /* Main.storyboard */ = {
			isa = PBXVariantGroup;
			children = (
				0AF433491B70486200957775 /* Base */,
			);
			name = Main.storyboard;
			sourceTree = "<group>";
		};
		0AF4334D1B70486200957775 /* LaunchScreen.xib */ = {
			isa = PBXVariantGroup;
			children = (
				0AF4334E1B70486200957775 /* Base */,
			);
			name = LaunchScreen.xib;
			sourceTree = "<group>";
		};
/* End PBXVariantGroup section */

/* Begin XCBuildConfiguration section */
		0AF4335C1B70486300957775 /* Debug */ = {
			isa = XCBuildConfiguration;
			buildSettings = {
				ALWAYS_SEARCH_USER_PATHS = NO;
				CLANG_CXX_LANGUAGE_STANDARD = "gnu++0x";
				CLANG_CXX_LIBRARY = "libc++";
				CLANG_ENABLE_MODULES = YES;
				CLANG_ENABLE_OBJC_ARC = YES;
				CLANG_WARN_BOOL_CONVERSION = YES;
				CLANG_WARN_CONSTANT_CONVERSION = YES;
				CLANG_WARN_DIRECT_OBJC_ISA_USAGE = YES_ERROR;
				CLANG_WARN_EMPTY_BODY = YES;
				CLANG_WARN_ENUM_CONVERSION = YES;
				CLANG_WARN_INT_CONVERSION = YES;
				CLANG_WARN_OBJC_ROOT_CLASS = YES_ERROR;
				CLANG_WARN_UNREACHABLE_CODE = YES;
				CLANG_WARN__DUPLICATE_METHOD_MATCH = YES;
				"CODE_SIGN_IDENTITY[sdk=iphoneos*]" = "iPhone Developer";
				COPY_PHASE_STRIP = NO;
				DEBUG_INFORMATION_FORMAT = "dwarf-with-dsym";
				ENABLE_STRICT_OBJC_MSGSEND = YES;
				GCC_C_LANGUAGE_STANDARD = gnu99;
				GCC_DYNAMIC_NO_PIC = NO;
				GCC_NO_COMMON_BLOCKS = YES;
				GCC_OPTIMIZATION_LEVEL = 0;
				GCC_PREPROCESSOR_DEFINITIONS = (
					"DEBUG=1",
					"$(inherited)",
				);
				GCC_SYMBOLS_PRIVATE_EXTERN = NO;
				GCC_WARN_64_TO_32_BIT_CONVERSION = YES;
				GCC_WARN_ABOUT_RETURN_TYPE = YES_ERROR;
				GCC_WARN_UNDECLARED_SELECTOR = YES;
				GCC_WARN_UNINITIALIZED_AUTOS = YES_AGGRESSIVE;
				GCC_WARN_UNUSED_FUNCTION = YES;
				GCC_WARN_UNUSED_VARIABLE = YES;
				IPHONEOS_DEPLOYMENT_TARGET = 8.4;
				MTL_ENABLE_DEBUG_INFO = YES;
				ONLY_ACTIVE_ARCH = YES;
				SDKROOT = iphoneos;
				SWIFT_OPTIMIZATION_LEVEL = "-Onone";
				TARGETED_DEVICE_FAMILY = "1,2";
			};
			name = Debug;
		};
		0AF4335D1B70486300957775 /* Release */ = {
			isa = XCBuildConfiguration;
			buildSettings = {
				ALWAYS_SEARCH_USER_PATHS = NO;
				CLANG_CXX_LANGUAGE_STANDARD = "gnu++0x";
				CLANG_CXX_LIBRARY = "libc++";
				CLANG_ENABLE_MODULES = YES;
				CLANG_ENABLE_OBJC_ARC = YES;
				CLANG_WARN_BOOL_CONVERSION = YES;
				CLANG_WARN_CONSTANT_CONVERSION = YES;
				CLANG_WARN_DIRECT_OBJC_ISA_USAGE = YES_ERROR;
				CLANG_WARN_EMPTY_BODY = YES;
				CLANG_WARN_ENUM_CONVERSION = YES;
				CLANG_WARN_INT_CONVERSION = YES;
				CLANG_WARN_OBJC_ROOT_CLASS = YES_ERROR;
				CLANG_WARN_UNREACHABLE_CODE = YES;
				CLANG_WARN__DUPLICATE_METHOD_MATCH = YES;
				"CODE_SIGN_IDENTITY[sdk=iphoneos*]" = "iPhone Developer";
				COPY_PHASE_STRIP = NO;
				DEBUG_INFORMATION_FORMAT = "dwarf-with-dsym";
				ENABLE_NS_ASSERTIONS = NO;
				ENABLE_STRICT_OBJC_MSGSEND = YES;
				GCC_C_LANGUAGE_STANDARD = gnu99;
				GCC_NO_COMMON_BLOCKS = YES;
				GCC_WARN_64_TO_32_BIT_CONVERSION = YES;
				GCC_WARN_ABOUT_RETURN_TYPE = YES_ERROR;
				GCC_WARN_UNDECLARED_SELECTOR = YES;
				GCC_WARN_UNINITIALIZED_AUTOS = YES_AGGRESSIVE;
				GCC_WARN_UNUSED_FUNCTION = YES;
				GCC_WARN_UNUSED_VARIABLE = YES;
				IPHONEOS_DEPLOYMENT_TARGET = 8.4;
				MTL_ENABLE_DEBUG_INFO = NO;
				SDKROOT = iphoneos;
				TARGETED_DEVICE_FAMILY = "1,2";
				VALIDATE_PRODUCT = YES;
			};
			name = Release;
		};
		0AF4335F1B70486300957775 /* Debug */ = {
			isa = XCBuildConfiguration;
			buildSettings = {
				ASSETCATALOG_COMPILER_APPICON_NAME = AppIcon;
				INFOPLIST_FILE = AllYourFault/Info.plist;
				LD_RUNPATH_SEARCH_PATHS = "$(inherited) @executable_path/Frameworks";
				PRODUCT_NAME = "$(TARGET_NAME)";
			};
			name = Debug;
		};
		0AF433601B70486300957775 /* Release */ = {
			isa = XCBuildConfiguration;
			buildSettings = {
				ASSETCATALOG_COMPILER_APPICON_NAME = AppIcon;
				INFOPLIST_FILE = AllYourFault/Info.plist;
				LD_RUNPATH_SEARCH_PATHS = "$(inherited) @executable_path/Frameworks";
				PRODUCT_NAME = "$(TARGET_NAME)";
			};
			name = Release;
		};
		0AF433621B70486300957775 /* Debug */ = {
			isa = XCBuildConfiguration;
			buildSettings = {
				BUNDLE_LOADER = "$(TEST_HOST)";
				FRAMEWORK_SEARCH_PATHS = (
					"$(SDKROOT)/Developer/Library/Frameworks",
					"$(inherited)",
				);
				GCC_PREPROCESSOR_DEFINITIONS = (
					"DEBUG=1",
					"$(inherited)",
				);
				INFOPLIST_FILE = AllYourFaultTests/Info.plist;
				LD_RUNPATH_SEARCH_PATHS = "$(inherited) @executable_path/Frameworks @loader_path/Frameworks";
				PRODUCT_NAME = "$(TARGET_NAME)";
				TEST_HOST = "$(BUILT_PRODUCTS_DIR)/AllYourFault.app/AllYourFault";
			};
			name = Debug;
		};
		0AF433631B70486300957775 /* Release */ = {
			isa = XCBuildConfiguration;
			buildSettings = {
				BUNDLE_LOADER = "$(TEST_HOST)";
				FRAMEWORK_SEARCH_PATHS = (
					"$(SDKROOT)/Developer/Library/Frameworks",
					"$(inherited)",
				);
				INFOPLIST_FILE = AllYourFaultTests/Info.plist;
				LD_RUNPATH_SEARCH_PATHS = "$(inherited) @executable_path/Frameworks @loader_path/Frameworks";
				PRODUCT_NAME = "$(TARGET_NAME)";
				TEST_HOST = "$(BUILT_PRODUCTS_DIR)/AllYourFault.app/AllYourFault";
			};
			name = Release;
		};
/* End XCBuildConfiguration section */

/* Begin XCConfigurationList section */
		0AF4333A1B70486200957775 /* Build configuration list for PBXProject "AllYourFault" */ = {
			isa = XCConfigurationList;
			buildConfigurations = (
				0AF4335C1B70486300957775 /* Debug */,
				0AF4335D1B70486300957775 /* Release */,
			);
			defaultConfigurationIsVisible = 0;
			defaultConfigurationName = Release;
		};
		0AF4335E1B70486300957775 /* Build configuration list for PBXNativeTarget "AllYourFault" */ = {
			isa = XCConfigurationList;
			buildConfigurations = (
				0AF4335F1B70486300957775 /* Debug */,
				0AF433601B70486300957775 /* Release */,
			);
			defaultConfigurationIsVisible = 0;
			defaultConfigurationName = Release;
		};
		0AF433611B70486300957775 /* Build configuration list for PBXNativeTarget "AllYourFaultTests" */ = {
			isa = XCConfigurationList;
			buildConfigurations = (
				0AF433621B70486300957775 /* Debug */,
				0AF433631B70486300957775 /* Release */,
			);
			defaultConfigurationIsVisible = 0;
			defaultConfigurationName = Release;
		};
/* End XCConfigurationList section */
	};
	rootObject = 0AF433371B70486200957775 /* Project object */;
}
